
Microsoft Visual Studio Solution File, Format Version 12.00
# Visual Studio Version 16
VisualStudioVersion = 16.0.30907.101
MinimumVisualStudioVersion = 10.0.40219.1
Project("{2150E333-8FDC-42A3-9474-1A3956D46DE8}") = "Console", "Console", "{C4C9AA93-B826-40FE-9B78-5C68AD6F57CB}"
EndProject
Project("{9A19103F-16F7-4668-BE54-9A1E7A4F7556}") = "Consumer", "Console\Consumer\Consumer.csproj", "{F9337F6C-B525-4B40-9BA8-4AE9EDFDA621}"
EndProject
Project("{9A19103F-16F7-4668-BE54-9A1E7A4F7556}") = "Producer", "Console\Producer\Producer.csproj", "{2B548C0F-014E-47B8-A168-0AF82D215391}"
EndProject
Project("{2150E333-8FDC-42A3-9474-1A3956D46DE8}") = "EasyNetQ", "EasyNetQ", "{56FED17A-4FF8-4A8B-A87E-ED4C231802C6}"
EndProject
Project("{9A19103F-16F7-4668-BE54-9A1E7A4F7556}") = "Infrastructure", "EasyNetQ\Infrastructure\Infrastructure.csproj", "{4634A8E2-9407-453E-815E-4C2DEB11B681}"
EndProject
Project("{9A19103F-16F7-4668-BE54-9A1E7A4F7556}") = "Models", "EasyNetQ\Models\Models.csproj", "{22914492-A514-4F7E-AAFF-D51DA538B95E}"
EndProject
Project("{9A19103F-16F7-4668-BE54-9A1E7A4F7556}") = "ClientService", "EasyNetQ\ClientService\ClientService.csproj", "{76A4D7FA-A60A-43F3-8ED1-7BF4BCFEAF6C}"
EndProject
Project("{9A19103F-16F7-4668-BE54-9A1E7A4F7556}") = "NoticeService", "EasyNetQ\NoticeService\NoticeService.csproj", "{17B8363A-F511-4F32-8A6A-3A1C37B4FD81}"
EndProject
Project("{9A19103F-16F7-4668-BE54-9A1E7A4F7556}") = "ZAPEngineService", "EasyNetQ\ZAPEngineService\ZAPEngineService.csproj", "{1B05EE4E-ECEE-4BC9-84A9-07C70AFDCB3E}"
EndProject
Project("{2150E333-8FDC-42A3-9474-1A3956D46DE8}") = "MassTransit", "MassTransit", "{1138725C-367D-42F6-8CF5-A1500589C5AA}"
EndProject
Project("{9A19103F-16F7-4668-BE54-9A1E7A4F7556}") = "GettingStarted", "MassTransit\GettingStarted\GettingStarted.csproj", "{3D08BDB8-7C4B-4F54-8F53-DB6BD4076781}"
EndProject
Project("{2150E333-8FDC-42A3-9474-1A3956D46DE8}") = "DemandManagement", "DemandManagement", "{AE30F714-B958-4405-BACE-FDF0794C9D2B}"
EndProject
Project("{9A19103F-16F7-4668-BE54-9A1E7A4F7556}") = "DemandManagement.Api", "MassTransit\DemandManagement\DemandManagement.Api\DemandManagement.Api.csproj", "{B19906AC-A785-4033-839A-3AE468481FFA}"
EndProject
Project("{9A19103F-16F7-4668-BE54-9A1E7A4F7556}") = "DemandManagement.MessageContracts", "MassTransit\DemandManagement\DemandManagement.MessageContracts\DemandManagement.MessageContracts.csproj", "{A4F3EDA6-6825-4F30-B595-7CFD7EBDDE74}"
EndProject
Project("{9A19103F-16F7-4668-BE54-9A1E7A4F7556}") = "DemandManagement.Notification", "MassTransit\DemandManagement\DemandManagement.Notification\DemandManagement.Notification.csproj", "{D756EC48-F8C8-4647-8DB3-DAD59D1178F9}"
EndProject
Project("{9A19103F-16F7-4668-BE54-9A1E7A4F7556}") = "DemandManagement.Registration", "MassTransit\DemandManagement\DemandManagement.Registration\DemandManagement.Registration.csproj", "{38CEC8DF-2D50-436E-BBD0-19D9F04A88DA}"
EndProject
Project("{9A19103F-16F7-4668-BE54-9A1E7A4F7556}") = "DemandManagement.Thirdparty.Service", "MassTransit\DemandManagement\DemandManagement.Thirdparty.Service\DemandManagement.Thirdparty.Service.csproj", "{95B03810-E577-4B11-B247-4FB47306EC44}"
EndProject
Global
	GlobalSection(SolutionConfigurationPlatforms) = preSolution
		Debug|Any CPU = Debug|Any CPU
		Release|Any CPU = Release|Any CPU
	EndGlobalSection
	GlobalSection(ProjectConfigurationPlatforms) = postSolution
		{F9337F6C-B525-4B40-9BA8-4AE9EDFDA621}.Debug|Any CPU.ActiveCfg = Debug|Any CPU
		{F9337F6C-B525-4B40-9BA8-4AE9EDFDA621}.Debug|Any CPU.Build.0 = Debug|Any CPU
		{F9337F6C-B525-4B40-9BA8-4AE9EDFDA621}.Release|Any CPU.ActiveCfg = Release|Any CPU
		{F9337F6C-B525-4B40-9BA8-4AE9EDFDA621}.Release|Any CPU.Build.0 = Release|Any CPU
		{2B548C0F-014E-47B8-A168-0AF82D215391}.Debug|Any CPU.ActiveCfg = Debug|Any CPU
		{2B548C0F-014E-47B8-A168-0AF82D215391}.Debug|Any CPU.Build.0 = Debug|Any CPU
		{2B548C0F-014E-47B8-A168-0AF82D215391}.Release|Any CPU.ActiveCfg = Release|Any CPU
		{2B548C0F-014E-47B8-A168-0AF82D215391}.Release|Any CPU.Build.0 = Release|Any CPU
		{4634A8E2-9407-453E-815E-4C2DEB11B681}.Debug|Any CPU.ActiveCfg = Debug|Any CPU
		{4634A8E2-9407-453E-815E-4C2DEB11B681}.Debug|Any CPU.Build.0 = Debug|Any CPU
		{4634A8E2-9407-453E-815E-4C2DEB11B681}.Release|Any CPU.ActiveCfg = Release|Any CPU
		{4634A8E2-9407-453E-815E-4C2DEB11B681}.Release|Any CPU.Build.0 = Release|Any CPU
		{22914492-A514-4F7E-AAFF-D51DA538B95E}.Debug|Any CPU.ActiveCfg = Debug|Any CPU
		{22914492-A514-4F7E-AAFF-D51DA538B95E}.Debug|Any CPU.Build.0 = Debug|Any CPU
		{22914492-A514-4F7E-AAFF-D51DA538B95E}.Release|Any CPU.ActiveCfg = Release|Any CPU
		{22914492-A514-4F7E-AAFF-D51DA538B95E}.Release|Any CPU.Build.0 = Release|Any CPU
		{76A4D7FA-A60A-43F3-8ED1-7BF4BCFEAF6C}.Debug|Any CPU.ActiveCfg = Debug|Any CPU
		{76A4D7FA-A60A-43F3-8ED1-7BF4BCFEAF6C}.Debug|Any CPU.Build.0 = Debug|Any CPU
		{76A4D7FA-A60A-43F3-8ED1-7BF4BCFEAF6C}.Release|Any CPU.ActiveCfg = Release|Any CPU
		{76A4D7FA-A60A-43F3-8ED1-7BF4BCFEAF6C}.Release|Any CPU.Build.0 = Release|Any CPU
		{17B8363A-F511-4F32-8A6A-3A1C37B4FD81}.Debug|Any CPU.ActiveCfg = Debug|Any CPU
		{17B8363A-F511-4F32-8A6A-3A1C37B4FD81}.Debug|Any CPU.Build.0 = Debug|Any CPU
		{17B8363A-F511-4F32-8A6A-3A1C37B4FD81}.Release|Any CPU.ActiveCfg = Release|Any CPU
		{17B8363A-F511-4F32-8A6A-3A1C37B4FD81}.Release|Any CPU.Build.0 = Release|Any CPU
		{1B05EE4E-ECEE-4BC9-84A9-07C70AFDCB3E}.Debug|Any CPU.ActiveCfg = Debug|Any CPU
		{1B05EE4E-ECEE-4BC9-84A9-07C70AFDCB3E}.Debug|Any CPU.Build.0 = Debug|Any CPU
		{1B05EE4E-ECEE-4BC9-84A9-07C70AFDCB3E}.Release|Any CPU.ActiveCfg = Release|Any CPU
		{1B05EE4E-ECEE-4BC9-84A9-07C70AFDCB3E}.Release|Any CPU.Build.0 = Release|Any CPU
		{3D08BDB8-7C4B-4F54-8F53-DB6BD4076781}.Debug|Any CPU.ActiveCfg = Debug|Any CPU
		{3D08BDB8-7C4B-4F54-8F53-DB6BD4076781}.Debug|Any CPU.Build.0 = Debug|Any CPU
		{3D08BDB8-7C4B-4F54-8F53-DB6BD4076781}.Release|Any CPU.ActiveCfg = Release|Any CPU
		{3D08BDB8-7C4B-4F54-8F53-DB6BD4076781}.Release|Any CPU.Build.0 = Release|Any CPU
		{B19906AC-A785-4033-839A-3AE468481FFA}.Debug|Any CPU.ActiveCfg = Debug|Any CPU
		{B19906AC-A785-4033-839A-3AE468481FFA}.Debug|Any CPU.Build.0 = Debug|Any CPU
		{B19906AC-A785-4033-839A-3AE468481FFA}.Release|Any CPU.ActiveCfg = Release|Any CPU
		{B19906AC-A785-4033-839A-3AE468481FFA}.Release|Any CPU.Build.0 = Release|Any CPU
		{A4F3EDA6-6825-4F30-B595-7CFD7EBDDE74}.Debug|Any CPU.ActiveCfg = Debug|Any CPU
		{A4F3EDA6-6825-4F30-B595-7CFD7EBDDE74}.Debug|Any CPU.Build.0 = Debug|Any CPU
		{A4F3EDA6-6825-4F30-B595-7CFD7EBDDE74}.Release|Any CPU.ActiveCfg = Release|Any CPU
		{A4F3EDA6-6825-4F30-B595-7CFD7EBDDE74}.Release|Any CPU.Build.0 = Release|Any CPU
		{D756EC48-F8C8-4647-8DB3-DAD59D1178F9}.Debug|Any CPU.ActiveCfg = Debug|Any CPU
		{D756EC48-F8C8-4647-8DB3-DAD59D1178F9}.Debug|Any CPU.Build.0 = Debug|Any CPU
		{D756EC48-F8C8-4647-8DB3-DAD59D1178F9}.Release|Any CPU.ActiveCfg = Release|Any CPU
		{D756EC48-F8C8-4647-8DB3-DAD59D1178F9}.Release|Any CPU.Build.0 = Release|Any CPU
		{38CEC8DF-2D50-436E-BBD0-19D9F04A88DA}.Debug|Any CPU.ActiveCfg = Debug|Any CPU
		{38CEC8DF-2D50-436E-BBD0-19D9F04A88DA}.Debug|Any CPU.Build.0 = Debug|Any CPU
		{38CEC8DF-2D50-436E-BBD0-19D9F04A88DA}.Release|Any CPU.ActiveCfg = Release|Any CPU
		{38CEC8DF-2D50-436E-BBD0-19D9F04A88DA}.Release|Any CPU.Build.0 = Release|Any CPU
		{95B03810-E577-4B11-B247-4FB47306EC44}.Debug|Any CPU.ActiveCfg = Debug|Any CPU
		{95B03810-E577-4B11-B247-4FB47306EC44}.Debug|Any CPU.Build.0 = Debug|Any CPU
		{95B03810-E577-4B11-B247-4FB47306EC44}.Release|Any CPU.ActiveCfg = Release|Any CPU
		{95B03810-E577-4B11-B247-4FB47306EC44}.Release|Any CPU.Build.0 = Release|Any CPU
	EndGlobalSection
	GlobalSection(SolutionProperties) = preSolution
		HideSolutionNode = FALSE
	EndGlobalSection
	GlobalSection(NestedProjects) = preSolution
		{F9337F6C-B525-4B40-9BA8-4AE9EDFDA621} = {C4C9AA93-B826-40FE-9B78-5C68AD6F57CB}
		{2B548C0F-014E-47B8-A168-0AF82D215391} = {C4C9AA93-B826-40FE-9B78-5C68AD6F57CB}
		{4634A8E2-9407-453E-815E-4C2DEB11B681} = {56FED17A-4FF8-4A8B-A87E-ED4C231802C6}
		{22914492-A514-4F7E-AAFF-D51DA538B95E} = {56FED17A-4FF8-4A8B-A87E-ED4C231802C6}
		{76A4D7FA-A60A-43F3-8ED1-7BF4BCFEAF6C} = {56FED17A-4FF8-4A8B-A87E-ED4C231802C6}
		{17B8363A-F511-4F32-8A6A-3A1C37B4FD81} = {56FED17A-4FF8-4A8B-A87E-ED4C231802C6}
		{1B05EE4E-ECEE-4BC9-84A9-07C70AFDCB3E} = {56FED17A-4FF8-4A8B-A87E-ED4C231802C6}
		{3D08BDB8-7C4B-4F54-8F53-DB6BD4076781} = {1138725C-367D-42F6-8CF5-A1500589C5AA}
		{AE30F714-B958-4405-BACE-FDF0794C9D2B} = {1138725C-367D-42F6-8CF5-A1500589C5AA}
		{B19906AC-A785-4033-839A-3AE468481FFA} = {AE30F714-B958-4405-BACE-FDF0794C9D2B}
		{A4F3EDA6-6825-4F30-B595-7CFD7EBDDE74} = {AE30F714-B958-4405-BACE-FDF0794C9D2B}
		{D756EC48-F8C8-4647-8DB3-DAD59D1178F9} = {AE30F714-B958-4405-BACE-FDF0794C9D2B}
		{38CEC8DF-2D50-436E-BBD0-19D9F04A88DA} = {AE30F714-B958-4405-BACE-FDF0794C9D2B}
		{95B03810-E577-4B11-B247-4FB47306EC44} = {AE30F714-B958-4405-BACE-FDF0794C9D2B}
	EndGlobalSection
	GlobalSection(ExtensibilityGlobals) = postSolution
		SolutionGuid = {FDAEF248-9749-4599-9BB3-0D9E6179CB04}
	EndGlobalSection
EndGlobal
